
Microsoft Visual Studio Solution File, Format Version 12.00
# Visual Studio Version 16
VisualStudioVersion = 16.0.29201.188
MinimumVisualStudioVersion = 10.0.40219.1
Project("{FAE04EC0-301F-11D3-BF4B-00C04F79EFBC}") = "Employee", "Employee.csproj", "{C38E6AA5-C5F2-457C-996A-20EAF0C4E2FD}"
EndProject
Global
	GlobalSection(SolutionConfigurationPlatforms) = preSolution
		Debug|Any CPU = Debug|Any CPU
		Release|Any CPU = Release|Any CPU
	EndGlobalSection
	GlobalSection(ProjectConfigurationPlatforms) = postSolution
		{C38E6AA5-C5F2-457C-996A-20EAF0C4E2FD}.Debug|Any CPU.ActiveCfg = Debug|Any CPU
		{C38E6AA5-C5F2-457C-996A-20EAF0C4E2FD}.Debug|Any CPU.Build.0 = Debug|Any CPU
		{C38E6AA5-C5F2-457C-996A-20EAF0C4E2FD}.Release|Any CPU.ActiveCfg = Release|Any CPU
		{C38E6AA5-C5F2-457C-996A-20EAF0C4E2FD}.Release|Any CPU.Build.0 = Release|Any CPU
	EndGlobalSection
	GlobalSection(SolutionProperties) = preSolution
		HideSolutionNode = FALSE
	EndGlobalSection
	GlobalSection(ExtensibilityGlobals) = postSolution
		SolutionGuid = {895FB20F-DEE3-4EFE-9136-3183C2A83D61}
	EndGlobalSection
EndGlobal
